// !$*UTF8*$!
{
	archiveVersion = 1;
	classes = {
	};
	objectVersion = 48;
	objects = {

/* Begin PBXBuildFile section */
		0302FA021F9AD8A6000A9D09 /* Main.storyboard in Resources */ = {isa = PBXBuildFile; fileRef = 036523EA1F9ACE8F00AE1403 /* Main.storyboard */; };
		0302FA041F9AD8C4000A9D09 /* NoteDetailViewController.swift in Sources */ = {isa = PBXBuildFile; fileRef = 036523E51F9ACE6000AE1403 /* NoteDetailViewController.swift */; };
		0302FA051F9AD8C4000A9D09 /* NotesManager.swift in Sources */ = {isa = PBXBuildFile; fileRef = 036523E61F9ACE6000AE1403 /* NotesManager.swift */; };
		0302FA061F9AD8CA000A9D09 /* NoteTableViewCell.swift in Sources */ = {isa = PBXBuildFile; fileRef = 036523ED1F9ACE8F00AE1403 /* NoteTableViewCell.swift */; };
		0302FA071F9AD8CE000A9D09 /* Note.swift in Sources */ = {isa = PBXBuildFile; fileRef = 036523EF1F9ACE9B00AE1403 /* Note.swift */; };
		0302FA091F9AF52E000A9D09 /* NotesTableViewController.swift in Sources */ = {isa = PBXBuildFile; fileRef = 0302FA081F9AF52E000A9D09 /* NotesTableViewController.swift */; };
		036523AE1F9ACCCE00AE1403 /* AppDelegate.swift in Sources */ = {isa = PBXBuildFile; fileRef = 036523AD1F9ACCCE00AE1403 /* AppDelegate.swift */; };
		036523B51F9ACCCE00AE1403 /* Assets.xcassets in Resources */ = {isa = PBXBuildFile; fileRef = 036523B41F9ACCCE00AE1403 /* Assets.xcassets */; };
		036523C61F9ACD9800AE1403 /* IntentHandler.swift in Sources */ = {isa = PBXBuildFile; fileRef = 036523C51F9ACD9800AE1403 /* IntentHandler.swift */; };
		036523CF1F9ACD9800AE1403 /* IntentsUI.framework in Frameworks */ = {isa = PBXBuildFile; fileRef = 036523CE1F9ACD9800AE1403 /* IntentsUI.framework */; };
		036523D21F9ACD9800AE1403 /* IntentViewController.swift in Sources */ = {isa = PBXBuildFile; fileRef = 036523D11F9ACD9800AE1403 /* IntentViewController.swift */; };
		036523D51F9ACD9800AE1403 /* MainInterface.storyboard in Resources */ = {isa = PBXBuildFile; fileRef = 036523D31F9ACD9800AE1403 /* MainInterface.storyboard */; };
		036523D91F9ACD9800AE1403 /* IntentionAddNoteUI.appex in Embed App Extensions */ = {isa = PBXBuildFile; fileRef = 036523CC1F9ACD9800AE1403 /* IntentionAddNoteUI.appex */; settings = {ATTRIBUTES = (RemoveHeadersOnCopy, ); }; };
		036523DC1F9ACD9800AE1403 /* IntentionAddNote.appex in Embed App Extensions */ = {isa = PBXBuildFile; fileRef = 036523C31F9ACD9800AE1403 /* IntentionAddNote.appex */; settings = {ATTRIBUTES = (RemoveHeadersOnCopy, ); }; };
		036523F21F9ACFCB00AE1403 /* NotesManager.swift in Sources */ = {isa = PBXBuildFile; fileRef = 036523E61F9ACE6000AE1403 /* NotesManager.swift */; };
/* End PBXBuildFile section */

/* Begin PBXContainerItemProxy section */
		036523D71F9ACD9800AE1403 /* PBXContainerItemProxy */ = {
			isa = PBXContainerItemProxy;
			containerPortal = 036523A21F9ACCCE00AE1403 /* Project object */;
			proxyType = 1;
			remoteGlobalIDString = 036523CB1F9ACD9800AE1403;
			remoteInfo = IntentionAddNoteUI;
		};
		036523DA1F9ACD9800AE1403 /* PBXContainerItemProxy */ = {
			isa = PBXContainerItemProxy;
			containerPortal = 036523A21F9ACCCE00AE1403 /* Project object */;
			proxyType = 1;
			remoteGlobalIDString = 036523C21F9ACD9800AE1403;
			remoteInfo = IntentionAddNote;
		};
/* End PBXContainerItemProxy section */

/* Begin PBXCopyFilesBuildPhase section */
		036523E31F9ACD9800AE1403 /* Embed App Extensions */ = {
			isa = PBXCopyFilesBuildPhase;
			buildActionMask = 2147483647;
			dstPath = "";
			dstSubfolderSpec = 13;
			files = (
				036523D91F9ACD9800AE1403 /* IntentionAddNoteUI.appex in Embed App Extensions */,
				036523DC1F9ACD9800AE1403 /* IntentionAddNote.appex in Embed App Extensions */,
			);
			name = "Embed App Extensions";
			runOnlyForDeploymentPostprocessing = 0;
		};
/* End PBXCopyFilesBuildPhase section */

/* Begin PBXFileReference section */
		0302FA081F9AF52E000A9D09 /* NotesTableViewController.swift */ = {isa = PBXFileReference; lastKnownFileType = sourcecode.swift; path = NotesTableViewController.swift; sourceTree = "<group>"; };
		0302FA0A1F9AFD2A000A9D09 /* README.md */ = {isa = PBXFileReference; lastKnownFileType = net.daringfireball.markdown; path = README.md; sourceTree = "<group>"; };
		036523AA1F9ACCCE00AE1403 /* Notify.app */ = {isa = PBXFileReference; explicitFileType = wrapper.application; includeInIndex = 0; path = Notify.app; sourceTree = BUILT_PRODUCTS_DIR; };
		036523AD1F9ACCCE00AE1403 /* AppDelegate.swift */ = {isa = PBXFileReference; lastKnownFileType = sourcecode.swift; path = AppDelegate.swift; sourceTree = "<group>"; };
		036523B41F9ACCCE00AE1403 /* Assets.xcassets */ = {isa = PBXFileReference; lastKnownFileType = folder.assetcatalog; path = Assets.xcassets; sourceTree = "<group>"; };
		036523B91F9ACCCE00AE1403 /* Info.plist */ = {isa = PBXFileReference; lastKnownFileType = text.plist.xml; path = Info.plist; sourceTree = "<group>"; };
		036523C31F9ACD9800AE1403 /* IntentionAddNote.appex */ = {isa = PBXFileReference; explicitFileType = "wrapper.app-extension"; includeInIndex = 0; path = IntentionAddNote.appex; sourceTree = BUILT_PRODUCTS_DIR; };
		036523C51F9ACD9800AE1403 /* IntentHandler.swift */ = {isa = PBXFileReference; lastKnownFileType = sourcecode.swift; path = IntentHandler.swift; sourceTree = "<group>"; };
		036523C71F9ACD9800AE1403 /* Info.plist */ = {isa = PBXFileReference; lastKnownFileType = text.plist.xml; path = Info.plist; sourceTree = "<group>"; };
		036523CC1F9ACD9800AE1403 /* IntentionAddNoteUI.appex */ = {isa = PBXFileReference; explicitFileType = "wrapper.app-extension"; includeInIndex = 0; path = IntentionAddNoteUI.appex; sourceTree = BUILT_PRODUCTS_DIR; };
		036523CE1F9ACD9800AE1403 /* IntentsUI.framework */ = {isa = PBXFileReference; lastKnownFileType = wrapper.framework; name = IntentsUI.framework; path = System/Library/Frameworks/IntentsUI.framework; sourceTree = SDKROOT; };
		036523D11F9ACD9800AE1403 /* IntentViewController.swift */ = {isa = PBXFileReference; lastKnownFileType = sourcecode.swift; path = IntentViewController.swift; sourceTree = "<group>"; };
		036523D41F9ACD9800AE1403 /* Base */ = {isa = PBXFileReference; lastKnownFileType = file.storyboard; name = Base; path = Base.lproj/MainInterface.storyboard; sourceTree = "<group>"; };
		036523D61F9ACD9800AE1403 /* Info.plist */ = {isa = PBXFileReference; lastKnownFileType = text.plist.xml; path = Info.plist; sourceTree = "<group>"; };
		036523E51F9ACE6000AE1403 /* NoteDetailViewController.swift */ = {isa = PBXFileReference; lastKnownFileType = sourcecode.swift; path = NoteDetailViewController.swift; sourceTree = "<group>"; };
		036523E61F9ACE6000AE1403 /* NotesManager.swift */ = {isa = PBXFileReference; lastKnownFileType = sourcecode.swift; path = NotesManager.swift; sourceTree = "<group>"; };
		036523EA1F9ACE8F00AE1403 /* Main.storyboard */ = {isa = PBXFileReference; lastKnownFileType = file.storyboard; path = Main.storyboard; sourceTree = "<group>"; };
		036523ED1F9ACE8F00AE1403 /* NoteTableViewCell.swift */ = {isa = PBXFileReference; lastKnownFileType = sourcecode.swift; path = NoteTableViewCell.swift; sourceTree = "<group>"; };
		036523EF1F9ACE9B00AE1403 /* Note.swift */ = {isa = PBXFileReference; lastKnownFileType = sourcecode.swift; path = Note.swift; sourceTree = "<group>"; };
		036523F01F9ACED600AE1403 /* Notify.entitlements */ = {isa = PBXFileReference; lastKnownFileType = text.plist.entitlements; path = Notify.entitlements; sourceTree = "<group>"; };
		036523F11F9ACF3E00AE1403 /* IntentionAddNote.entitlements */ = {isa = PBXFileReference; lastKnownFileType = text.plist.entitlements; path = IntentionAddNote.entitlements; sourceTree = "<group>"; };
/* End PBXFileReference section */

/* Begin PBXFrameworksBuildPhase section */
		036523A71F9ACCCE00AE1403 /* Frameworks */ = {
			isa = PBXFrameworksBuildPhase;
			buildActionMask = 2147483647;
			files = (
			);
			runOnlyForDeploymentPostprocessing = 0;
		};
		036523C01F9ACD9800AE1403 /* Frameworks */ = {
			isa = PBXFrameworksBuildPhase;
			buildActionMask = 2147483647;
			files = (
			);
			runOnlyForDeploymentPostprocessing = 0;
		};
		036523C91F9ACD9800AE1403 /* Frameworks */ = {
			isa = PBXFrameworksBuildPhase;
			buildActionMask = 2147483647;
			files = (
				036523CF1F9ACD9800AE1403 /* IntentsUI.framework in Frameworks */,
			);
			runOnlyForDeploymentPostprocessing = 0;
		};
/* End PBXFrameworksBuildPhase section */

/* Begin PBXGroup section */
		036523A11F9ACCCE00AE1403 = {
			isa = PBXGroup;
			children = (
				0302FA0A1F9AFD2A000A9D09 /* README.md */,
				036523AC1F9ACCCE00AE1403 /* Notify */,
				036523C41F9ACD9800AE1403 /* IntentionAddNote */,
				036523D01F9ACD9800AE1403 /* IntentionAddNoteUI */,
				036523CD1F9ACD9800AE1403 /* Frameworks */,
				036523AB1F9ACCCE00AE1403 /* Products */,
			);
			sourceTree = "<group>";
		};
		036523AB1F9ACCCE00AE1403 /* Products */ = {
			isa = PBXGroup;
			children = (
				036523AA1F9ACCCE00AE1403 /* Notify.app */,
				036523C31F9ACD9800AE1403 /* IntentionAddNote.appex */,
				036523CC1F9ACD9800AE1403 /* IntentionAddNoteUI.appex */,
			);
			name = Products;
			sourceTree = "<group>";
		};
		036523AC1F9ACCCE00AE1403 /* Notify */ = {
			isa = PBXGroup;
			children = (
				036523F01F9ACED600AE1403 /* Notify.entitlements */,
				036523E81F9ACE6600AE1403 /* Resources */,
				036523EE1F9ACE9B00AE1403 /* Model */,
				036523E91F9ACE7B00AE1403 /* View */,
				036523E41F9ACE3800AE1403 /* Controller */,
				036523AD1F9ACCCE00AE1403 /* AppDelegate.swift */,
				036523B91F9ACCCE00AE1403 /* Info.plist */,
			);
			path = Notify;
			sourceTree = "<group>";
		};
		036523C41F9ACD9800AE1403 /* IntentionAddNote */ = {
			isa = PBXGroup;
			children = (
				036523F11F9ACF3E00AE1403 /* IntentionAddNote.entitlements */,
				036523C51F9ACD9800AE1403 /* IntentHandler.swift */,
				036523C71F9ACD9800AE1403 /* Info.plist */,
			);
			path = IntentionAddNote;
			sourceTree = "<group>";
		};
		036523CD1F9ACD9800AE1403 /* Frameworks */ = {
			isa = PBXGroup;
			children = (
				036523CE1F9ACD9800AE1403 /* IntentsUI.framework */,
			);
			name = Frameworks;
			sourceTree = "<group>";
		};
		036523D01F9ACD9800AE1403 /* IntentionAddNoteUI */ = {
			isa = PBXGroup;
			children = (
				036523D11F9ACD9800AE1403 /* IntentViewController.swift */,
				036523D31F9ACD9800AE1403 /* MainInterface.storyboard */,
				036523D61F9ACD9800AE1403 /* Info.plist */,
			);
			path = IntentionAddNoteUI;
			sourceTree = "<group>";
		};
		036523E41F9ACE3800AE1403 /* Controller */ = {
			isa = PBXGroup;
			children = (
				036523E51F9ACE6000AE1403 /* NoteDetailViewController.swift */,
				036523E61F9ACE6000AE1403 /* NotesManager.swift */,
				0302FA081F9AF52E000A9D09 /* NotesTableViewController.swift */,
			);
			path = Controller;
			sourceTree = "<group>";
		};
		036523E81F9ACE6600AE1403 /* Resources */ = {
			isa = PBXGroup;
			children = (
				036523B41F9ACCCE00AE1403 /* Assets.xcassets */,
			);
			path = Resources;
			sourceTree = "<group>";
		};
		036523E91F9ACE7B00AE1403 /* View */ = {
			isa = PBXGroup;
			children = (
				036523EC1F9ACE8F00AE1403 /* Cell */,
				036523EA1F9ACE8F00AE1403 /* Main.storyboard */,
			);
			path = View;
			sourceTree = "<group>";
		};
		036523EC1F9ACE8F00AE1403 /* Cell */ = {
			isa = PBXGroup;
			children = (
				036523ED1F9ACE8F00AE1403 /* NoteTableViewCell.swift */,
			);
			path = Cell;
			sourceTree = "<group>";
		};
		036523EE1F9ACE9B00AE1403 /* Model */ = {
			isa = PBXGroup;
			children = (
				036523EF1F9ACE9B00AE1403 /* Note.swift */,
			);
			path = Model;
			sourceTree = "<group>";
		};
/* End PBXGroup section */

/* Begin PBXNativeTarget section */
		036523A91F9ACCCE00AE1403 /* Notify */ = {
			isa = PBXNativeTarget;
			buildConfigurationList = 036523BC1F9ACCCE00AE1403 /* Build configuration list for PBXNativeTarget "Notify" */;
			buildPhases = (
				036523A61F9ACCCE00AE1403 /* Sources */,
				036523A71F9ACCCE00AE1403 /* Frameworks */,
				036523A81F9ACCCE00AE1403 /* Resources */,
				036523E31F9ACD9800AE1403 /* Embed App Extensions */,
			);
			buildRules = (
			);
			dependencies = (
				036523D81F9ACD9800AE1403 /* PBXTargetDependency */,
				036523DB1F9ACD9800AE1403 /* PBXTargetDependency */,
			);
			name = Notify;
			productName = Notify;
			productReference = 036523AA1F9ACCCE00AE1403 /* Notify.app */;
			productType = "com.apple.product-type.application";
		};
		036523C21F9ACD9800AE1403 /* IntentionAddNote */ = {
			isa = PBXNativeTarget;
			buildConfigurationList = 036523E01F9ACD9800AE1403 /* Build configuration list for PBXNativeTarget "IntentionAddNote" */;
			buildPhases = (
				036523BF1F9ACD9800AE1403 /* Sources */,
				036523C01F9ACD9800AE1403 /* Frameworks */,
				036523C11F9ACD9800AE1403 /* Resources */,
			);
			buildRules = (
			);
			dependencies = (
			);
			name = IntentionAddNote;
			productName = IntentionAddNote;
			productReference = 036523C31F9ACD9800AE1403 /* IntentionAddNote.appex */;
			productType = "com.apple.product-type.app-extension";
		};
		036523CB1F9ACD9800AE1403 /* IntentionAddNoteUI */ = {
			isa = PBXNativeTarget;
			buildConfigurationList = 036523DD1F9ACD9800AE1403 /* Build configuration list for PBXNativeTarget "IntentionAddNoteUI" */;
			buildPhases = (
				036523C81F9ACD9800AE1403 /* Sources */,
				036523C91F9ACD9800AE1403 /* Frameworks */,
				036523CA1F9ACD9800AE1403 /* Resources */,
			);
			buildRules = (
			);
			dependencies = (
			);
			name = IntentionAddNoteUI;
			productName = IntentionAddNoteUI;
			productReference = 036523CC1F9ACD9800AE1403 /* IntentionAddNoteUI.appex */;
			productType = "com.apple.product-type.app-extension";
		};
/* End PBXNativeTarget section */

/* Begin PBXProject section */
		036523A21F9ACCCE00AE1403 /* Project object */ = {
			isa = PBXProject;
			attributes = {
				LastSwiftUpdateCheck = 0900;
				LastUpgradeCheck = 0900;
				ORGANIZATIONNAME = "Erik Flores";
				TargetAttributes = {
					036523A91F9ACCCE00AE1403 = {
						CreatedOnToolsVersion = 9.0;
						ProvisioningStyle = Automatic;
						SystemCapabilities = {
							com.apple.ApplicationGroups.iOS = {
								enabled = 1;
							};
							com.apple.Siri = {
								enabled = 1;
							};
						};
					};
					036523C21F9ACD9800AE1403 = {
						CreatedOnToolsVersion = 9.0;
						ProvisioningStyle = Automatic;
						SystemCapabilities = {
							com.apple.ApplicationGroups.iOS = {
								enabled = 1;
							};
						};
					};
					036523CB1F9ACD9800AE1403 = {
						CreatedOnToolsVersion = 9.0;
						ProvisioningStyle = Automatic;
					};
				};
			};
			buildConfigurationList = 036523A51F9ACCCE00AE1403 /* Build configuration list for PBXProject "Notify" */;
			compatibilityVersion = "Xcode 8.0";
			developmentRegion = en;
			hasScannedForEncodings = 0;
			knownRegions = (
				en,
				Base,
			);
			mainGroup = 036523A11F9ACCCE00AE1403;
			productRefGroup = 036523AB1F9ACCCE00AE1403 /* Products */;
			projectDirPath = "";
			projectRoot = "";
			targets = (
				036523A91F9ACCCE00AE1403 /* Notify */,
				036523C21F9ACD9800AE1403 /* IntentionAddNote */,
				036523CB1F9ACD9800AE1403 /* IntentionAddNoteUI */,
			);
		};
/* End PBXProject section */

/* Begin PBXResourcesBuildPhase section */
		036523A81F9ACCCE00AE1403 /* Resources */ = {
			isa = PBXResourcesBuildPhase;
			buildActionMask = 2147483647;
			files = (
				036523B51F9ACCCE00AE1403 /* Assets.xcassets in Resources */,
				0302FA021F9AD8A6000A9D09 /* Main.storyboard in Resources */,
			);
			runOnlyForDeploymentPostprocessing = 0;
		};
		036523C11F9ACD9800AE1403 /* Resources */ = {
			isa = PBXResourcesBuildPhase;
			buildActionMask = 2147483647;
			files = (
			);
			runOnlyForDeploymentPostprocessing = 0;
		};
		036523CA1F9ACD9800AE1403 /* Resources */ = {
			isa = PBXResourcesBuildPhase;
			buildActionMask = 2147483647;
			files = (
				036523D51F9ACD9800AE1403 /* MainInterface.storyboard in Resources */,
			);
			runOnlyForDeploymentPostprocessing = 0;
		};
/* End PBXResourcesBuildPhase section */

/* Begin PBXSourcesBuildPhase section */
		036523A61F9ACCCE00AE1403 /* Sources */ = {
			isa = PBXSourcesBuildPhase;
			buildActionMask = 2147483647;
			files = (
				0302FA051F9AD8C4000A9D09 /* NotesManager.swift in Sources */,
				036523AE1F9ACCCE00AE1403 /* AppDelegate.swift in Sources */,
				0302FA061F9AD8CA000A9D09 /* NoteTableViewCell.swift in Sources */,
				0302FA041F9AD8C4000A9D09 /* NoteDetailViewController.swift in Sources */,
				0302FA071F9AD8CE000A9D09 /* Note.swift in Sources */,
				0302FA091F9AF52E000A9D09 /* NotesTableViewController.swift in Sources */,
			);
			runOnlyForDeploymentPostprocessing = 0;
		};
		036523BF1F9ACD9800AE1403 /* Sources */ = {
			isa = PBXSourcesBuildPhase;
			buildActionMask = 2147483647;
			files = (
				036523C61F9ACD9800AE1403 /* IntentHandler.swift in Sources */,
				036523F21F9ACFCB00AE1403 /* NotesManager.swift in Sources */,
			);
			runOnlyForDeploymentPostprocessing = 0;
		};
		036523C81F9ACD9800AE1403 /* Sources */ = {
			isa = PBXSourcesBuildPhase;
			buildActionMask = 2147483647;
			files = (
				036523D21F9ACD9800AE1403 /* IntentViewController.swift in Sources */,
			);
			runOnlyForDeploymentPostprocessing = 0;
		};
/* End PBXSourcesBuildPhase section */

/* Begin PBXTargetDependency section */
		036523D81F9ACD9800AE1403 /* PBXTargetDependency */ = {
			isa = PBXTargetDependency;
			target = 036523CB1F9ACD9800AE1403 /* IntentionAddNoteUI */;
			targetProxy = 036523D71F9ACD9800AE1403 /* PBXContainerItemProxy */;
		};
		036523DB1F9ACD9800AE1403 /* PBXTargetDependency */ = {
			isa = PBXTargetDependency;
			target = 036523C21F9ACD9800AE1403 /* IntentionAddNote */;
			targetProxy = 036523DA1F9ACD9800AE1403 /* PBXContainerItemProxy */;
		};
/* End PBXTargetDependency section */

/* Begin PBXVariantGroup section */
		036523D31F9ACD9800AE1403 /* MainInterface.storyboard */ = {
			isa = PBXVariantGroup;
			children = (
				036523D41F9ACD9800AE1403 /* Base */,
			);
			name = MainInterface.storyboard;
			sourceTree = "<group>";
		};
/* End PBXVariantGroup section */

/* Begin XCBuildConfiguration section */
		036523BA1F9ACCCE00AE1403 /* Debug */ = {
			isa = XCBuildConfiguration;
			buildSettings = {
				ALWAYS_SEARCH_USER_PATHS = NO;
				CLANG_ANALYZER_NONNULL = YES;
				CLANG_ANALYZER_NUMBER_OBJECT_CONVERSION = YES_AGGRESSIVE;
				CLANG_CXX_LANGUAGE_STANDARD = "gnu++14";
				CLANG_CXX_LIBRARY = "libc++";
				CLANG_ENABLE_MODULES = YES;
				CLANG_ENABLE_OBJC_ARC = YES;
				CLANG_WARN_BLOCK_CAPTURE_AUTORELEASING = YES;
				CLANG_WARN_BOOL_CONVERSION = YES;
				CLANG_WARN_COMMA = YES;
				CLANG_WARN_CONSTANT_CONVERSION = YES;
				CLANG_WARN_DIRECT_OBJC_ISA_USAGE = YES_ERROR;
				CLANG_WARN_DOCUMENTATION_COMMENTS = YES;
				CLANG_WARN_EMPTY_BODY = YES;
				CLANG_WARN_ENUM_CONVERSION = YES;
				CLANG_WARN_INFINITE_RECURSION = YES;
				CLANG_WARN_INT_CONVERSION = YES;
				CLANG_WARN_NON_LITERAL_NULL_CONVERSION = YES;
				CLANG_WARN_OBJC_LITERAL_CONVERSION = YES;
				CLANG_WARN_OBJC_ROOT_CLASS = YES_ERROR;
				CLANG_WARN_RANGE_LOOP_ANALYSIS = YES;
				CLANG_WARN_STRICT_PROTOTYPES = YES;
				CLANG_WARN_SUSPICIOUS_MOVE = YES;
				CLANG_WARN_UNGUARDED_AVAILABILITY = YES_AGGRESSIVE;
				CLANG_WARN_UNREACHABLE_CODE = YES;
				CLANG_WARN__DUPLICATE_METHOD_MATCH = YES;
				CODE_SIGN_IDENTITY = "iPhone Developer";
				COPY_PHASE_STRIP = NO;
				DEBUG_INFORMATION_FORMAT = dwarf;
				ENABLE_STRICT_OBJC_MSGSEND = YES;
				ENABLE_TESTABILITY = YES;
				GCC_C_LANGUAGE_STANDARD = gnu11;
				GCC_DYNAMIC_NO_PIC = NO;
				GCC_NO_COMMON_BLOCKS = YES;
				GCC_OPTIMIZATION_LEVEL = 0;
				GCC_PREPROCESSOR_DEFINITIONS = (
					"DEBUG=1",
					"$(inherited)",
				);
				GCC_WARN_64_TO_32_BIT_CONVERSION = YES;
				GCC_WARN_ABOUT_RETURN_TYPE = YES_ERROR;
				GCC_WARN_UNDECLARED_SELECTOR = YES;
				GCC_WARN_UNINITIALIZED_AUTOS = YES_AGGRESSIVE;
				GCC_WARN_UNUSED_FUNCTION = YES;
				GCC_WARN_UNUSED_VARIABLE = YES;
				IPHONEOS_DEPLOYMENT_TARGET = 11.0;
				MTL_ENABLE_DEBUG_INFO = YES;
				ONLY_ACTIVE_ARCH = YES;
				SDKROOT = iphoneos;
				SWIFT_ACTIVE_COMPILATION_CONDITIONS = DEBUG;
				SWIFT_OPTIMIZATION_LEVEL = "-Onone";
			};
			name = Debug;
		};
		036523BB1F9ACCCE00AE1403 /* Release */ = {
			isa = XCBuildConfiguration;
			buildSettings = {
				ALWAYS_SEARCH_USER_PATHS = NO;
				CLANG_ANALYZER_NONNULL = YES;
				CLANG_ANALYZER_NUMBER_OBJECT_CONVERSION = YES_AGGRESSIVE;
				CLANG_CXX_LANGUAGE_STANDARD = "gnu++14";
				CLANG_CXX_LIBRARY = "libc++";
				CLANG_ENABLE_MODULES = YES;
				CLANG_ENABLE_OBJC_ARC = YES;
				CLANG_WARN_BLOCK_CAPTURE_AUTORELEASING = YES;
				CLANG_WARN_BOOL_CONVERSION = YES;
				CLANG_WARN_COMMA = YES;
				CLANG_WARN_CONSTANT_CONVERSION = YES;
				CLANG_WARN_DIRECT_OBJC_ISA_USAGE = YES_ERROR;
				CLANG_WARN_DOCUMENTATION_COMMENTS = YES;
				CLANG_WARN_EMPTY_BODY = YES;
				CLANG_WARN_ENUM_CONVERSION = YES;
				CLANG_WARN_INFINITE_RECURSION = YES;
				CLANG_WARN_INT_CONVERSION = YES;
				CLANG_WARN_NON_LITERAL_NULL_CONVERSION = YES;
				CLANG_WARN_OBJC_LITERAL_CONVERSION = YES;
				CLANG_WARN_OBJC_ROOT_CLASS = YES_ERROR;
				CLANG_WARN_RANGE_LOOP_ANALYSIS = YES;
				CLANG_WARN_STRICT_PROTOTYPES = YES;
				CLANG_WARN_SUSPICIOUS_MOVE = YES;
				CLANG_WARN_UNGUARDED_AVAILABILITY = YES_AGGRESSIVE;
				CLANG_WARN_UNREACHABLE_CODE = YES;
				CLANG_WARN__DUPLICATE_METHOD_MATCH = YES;
				CODE_SIGN_IDENTITY = "iPhone Developer";
				COPY_PHASE_STRIP = NO;
				DEBUG_INFORMATION_FORMAT = "dwarf-with-dsym";
				ENABLE_NS_ASSERTIONS = NO;
				ENABLE_STRICT_OBJC_MSGSEND = YES;
				GCC_C_LANGUAGE_STANDARD = gnu11;
				GCC_NO_COMMON_BLOCKS = YES;
				GCC_WARN_64_TO_32_BIT_CONVERSION = YES;
				GCC_WARN_ABOUT_RETURN_TYPE = YES_ERROR;
				GCC_WARN_UNDECLARED_SELECTOR = YES;
				GCC_WARN_UNINITIALIZED_AUTOS = YES_AGGRESSIVE;
				GCC_WARN_UNUSED_FUNCTION = YES;
				GCC_WARN_UNUSED_VARIABLE = YES;
				IPHONEOS_DEPLOYMENT_TARGET = 11.0;
				MTL_ENABLE_DEBUG_INFO = NO;
				SDKROOT = iphoneos;
				SWIFT_OPTIMIZATION_LEVEL = "-Owholemodule";
				VALIDATE_PRODUCT = YES;
			};
			name = Release;
		};
		036523BD1F9ACCCE00AE1403 /* Debug */ = {
			isa = XCBuildConfiguration;
			buildSettings = {
				ALWAYS_EMBED_SWIFT_STANDARD_LIBRARIES = YES;
				ASSETCATALOG_COMPILER_APPICON_NAME = AppIcon;
				ASSETCATALOG_COMPILER_LAUNCHIMAGE_NAME = LaunchImage;
				CODE_SIGN_ENTITLEMENTS = Notify/Notify.entitlements;
				CODE_SIGN_STYLE = Automatic;
				DEVELOPMENT_TEAM = CPX7FN2K89;
				INFOPLIST_FILE = Notify/Info.plist;
				LD_RUNPATH_SEARCH_PATHS = "$(inherited) @executable_path/Frameworks";
				PRODUCT_BUNDLE_IDENTIFIER = com.erikfloresq.Siri;
				PRODUCT_NAME = "$(TARGET_NAME)";
				SWIFT_VERSION = 4.0;
				TARGETED_DEVICE_FAMILY = 1;
			};
			name = Debug;
		};
		036523BE1F9ACCCE00AE1403 /* Release */ = {
			isa = XCBuildConfiguration;
			buildSettings = {
				ALWAYS_EMBED_SWIFT_STANDARD_LIBRARIES = YES;
				ASSETCATALOG_COMPILER_APPICON_NAME = AppIcon;
				ASSETCATALOG_COMPILER_LAUNCHIMAGE_NAME = LaunchImage;
				CODE_SIGN_ENTITLEMENTS = Notify/Notify.entitlements;
				CODE_SIGN_STYLE = Automatic;
				DEVELOPMENT_TEAM = CPX7FN2K89;
				INFOPLIST_FILE = Notify/Info.plist;
				LD_RUNPATH_SEARCH_PATHS = "$(inherited) @executable_path/Frameworks";
				PRODUCT_BUNDLE_IDENTIFIER = com.erikfloresq.Siri;
				PRODUCT_NAME = "$(TARGET_NAME)";
				SWIFT_VERSION = 4.0;
				TARGETED_DEVICE_FAMILY = 1;
			};
			name = Release;
		};
		036523DE1F9ACD9800AE1403 /* Debug */ = {
			isa = XCBuildConfiguration;
			buildSettings = {
				CODE_SIGN_STYLE = Automatic;
				DEVELOPMENT_TEAM = CPX7FN2K89;
				INFOPLIST_FILE = IntentionAddNoteUI/Info.plist;
				LD_RUNPATH_SEARCH_PATHS = "$(inherited) @executable_path/Frameworks @executable_path/../../Frameworks";
				PRODUCT_BUNDLE_IDENTIFIER = com.erikfloresq.Siri.IntentionAddNoteUI;
				PRODUCT_NAME = "$(TARGET_NAME)";
				SKIP_INSTALL = YES;
				SWIFT_VERSION = 4.0;
				TARGETED_DEVICE_FAMILY = "1,2";
			};
			name = Debug;
		};
		036523DF1F9ACD9800AE1403 /* Release */ = {
			isa = XCBuildConfiguration;
			buildSettings = {
				CODE_SIGN_STYLE = Automatic;
				DEVELOPMENT_TEAM = CPX7FN2K89;
				INFOPLIST_FILE = IntentionAddNoteUI/Info.plist;
				LD_RUNPATH_SEARCH_PATHS = "$(inherited) @executable_path/Frameworks @executable_path/../../Frameworks";
				PRODUCT_BUNDLE_IDENTIFIER = com.erikfloresq.Siri.IntentionAddNoteUI;
				PRODUCT_NAME = "$(TARGET_NAME)";
				SKIP_INSTALL = YES;
				SWIFT_VERSION = 4.0;
				TARGETED_DEVICE_FAMILY = "1,2";
			};
			name = Release;
		};
		036523E11F9ACD9800AE1403 /* Debug */ = {
			isa = XCBuildConfiguration;
			buildSettings = {
				CODE_SIGN_ENTITLEMENTS = IntentionAddNote/IntentionAddNote.entitlements;
				CODE_SIGN_STYLE = Automatic;
				DEVELOPMENT_TEAM = CPX7FN2K89;
				INFOPLIST_FILE = IntentionAddNote/Info.plist;
				LD_RUNPATH_SEARCH_PATHS = "$(inherited) @executable_path/Frameworks @executable_path/../../Frameworks";
				PRODUCT_BUNDLE_IDENTIFIER = com.erikfloresq.Siri.IntentionAddNote;
				PRODUCT_NAME = "$(TARGET_NAME)";
				SKIP_INSTALL = YES;
				SWIFT_VERSION = 4.0;
				TARGETED_DEVICE_FAMILY = "1,2";
			};
			name = Debug;
		};
		036523E21F9ACD9800AE1403 /* Release */ = {
			isa = XCBuildConfiguration;
			buildSettings = {
				CODE_SIGN_ENTITLEMENTS = IntentionAddNote/IntentionAddNote.entitlements;
				CODE_SIGN_STYLE = Automatic;
				DEVELOPMENT_TEAM = CPX7FN2K89;
				INFOPLIST_FILE = IntentionAddNote/Info.plist;
				LD_RUNPATH_SEARCH_PATHS = "$(inherited) @executable_path/Frameworks @executable_path/../../Frameworks";
				PRODUCT_BUNDLE_IDENTIFIER = com.erikfloresq.Siri.IntentionAddNote;
				PRODUCT_NAME = "$(TARGET_NAME)";
				SKIP_INSTALL = YES;
				SWIFT_VERSION = 4.0;
				TARGETED_DEVICE_FAMILY = "1,2";
			};
			name = Release;
		};
/* End XCBuildConfiguration section */

/* Begin XCConfigurationList section */
		036523A51F9ACCCE00AE1403 /* Build configuration list for PBXProject "Notify" */ = {
			isa = XCConfigurationList;
			buildConfigurations = (
				036523BA1F9ACCCE00AE1403 /* Debug */,
				036523BB1F9ACCCE00AE1403 /* Release */,
			);
			defaultConfigurationIsVisible = 0;
			defaultConfigurationName = Release;
		};
		036523BC1F9ACCCE00AE1403 /* Build configuration list for PBXNativeTarget "Notify" */ = {
			isa = XCConfigurationList;
			buildConfigurations = (
				036523BD1F9ACCCE00AE1403 /* Debug */,
				036523BE1F9ACCCE00AE1403 /* Release */,
			);
			defaultConfigurationIsVisible = 0;
			defaultConfigurationName = Release;
		};
		036523DD1F9ACD9800AE1403 /* Build configuration list for PBXNativeTarget "IntentionAddNoteUI" */ = {
			isa = XCConfigurationList;
			buildConfigurations = (
				036523DE1F9ACD9800AE1403 /* Debug */,
				036523DF1F9ACD9800AE1403 /* Release */,
			);
			defaultConfigurationIsVisible = 0;
			defaultConfigurationName = Release;
		};
		036523E01F9ACD9800AE1403 /* Build configuration list for PBXNativeTarget "IntentionAddNote" */ = {
			isa = XCConfigurationList;
			buildConfigurations = (
				036523E11F9ACD9800AE1403 /* Debug */,
				036523E21F9ACD9800AE1403 /* Release */,
			);
			defaultConfigurationIsVisible = 0;
			defaultConfigurationName = Release;
		};
/* End XCConfigurationList section */
	};
	rootObject = 036523A21F9ACCCE00AE1403 /* Project object */;
}
